<?xml version="1.0" encoding="utf-8"?>
<Project ToolsVersion="4.0" xmlns="http://schemas.microsoft.com/developer/msbuild/2003">
  <ItemGroup>
    <Filter Include="Source Files">
      <UniqueIdentifier>{4FC737F1-C7A5-4376-A066-2A32D752A2FF}</UniqueIdentifier>
      <Extensions>cpp;c;cc;cxx;def;odl;idl;hpj;bat;asm;asmx</Extensions>
    </Filter>
    <Filter Include="Header Files">
      <UniqueIdentifier>{93995380-89BD-4b04-88EB-625FBE52EBFB}</UniqueIdentifier>
      <Extensions>h;hh;hpp;hxx;hm;inl;inc;xsd</Extensions>
    </Filter>
    <Filter Include="Resource Files">
      <UniqueIdentifier>{67DA6AB6-F800-4c08-8B7A-83BB121AAD01}</UniqueIdentifier>
      <Extensions>rc;ico;cur;bmp;dlg;rc2;rct;bin;rgs;gif;jpg;jpeg;jpe;resx;tiff;tif;png;wav;mfcribbon-ms</Extensions>
    </Filter>
    <Filter Include="Resource Files\objects">
      <UniqueIdentifier>{b06d3bc4-555e-49d8-87cb-47ffd0f58129}</UniqueIdentifier>
    </Filter>
    <Filter Include="Resource Files\objects\asteroid">
      <UniqueIdentifier>{99bb6f39-adde-4bdd-a221-7e4c980b3ec7}</UniqueIdentifier>
    </Filter>
    <Filter Include="Resource Files\objects\hero">
      <UniqueIdentifier>{be9fdf8c-4d8b-4c95-a3bb-e61f13e92b62}</UniqueIdentifier>
    </Filter>
    <Filter Include="Resource Files\objects\stone">
      <UniqueIdentifier>{443c4eec-957c-41e7-ba9e-fb4d78430a0e}</UniqueIdentifier>
    </Filter>
    <Filter Include="Resource Files\objects\null">
      <UniqueIdentifier>{b49b863b-77c0-4a94-90b2-1444a0256a0d}</UniqueIdentifier>
    </Filter>
    <Filter Include="Resource Files\objects\turret">
      <UniqueIdentifier>{178db6e0-8c77-45b4-aeb6-f5ba44bea1b4}</UniqueIdentifier>
    </Filter>
    <Filter Include="Resource Files\objects\dome">
      <UniqueIdentifier>{33dc499f-b7e3-4102-a7ca-e06d353ffc17}</UniqueIdentifier>
    </Filter>
  </ItemGroup>
  <ItemGroup>
    <ClInclude Include="GeometryComponents.h">
      <Filter>Header Files</Filter>
    </ClInclude>
    <ClInclude Include="Collision.h">
      <Filter>Header Files</Filter>
    </ClInclude>
    <ClInclude Include="Object.h">
      <Filter>Header Files</Filter>
    </ClInclude>
    <ClInclude Include="Map.h">
      <Filter>Header Files</Filter>
    </ClInclude>
    <ClInclude Include="EventBuffer.h">
      <Filter>Header Files</Filter>
    </ClInclude>
    <ClInclude Include="Event.h">
      <Filter>Header Files</Filter>
    </ClInclude>
    <ClInclude Include="EventTypes.h">
      <Filter>Header Files</Filter>
    </ClInclude>
    <ClInclude Include="ObjectTypes.h">
      <Filter>Header Files</Filter>
    </ClInclude>
    <ClInclude Include="VisualController.h">
      <Filter>Header Files</Filter>
    </ClInclude>
    <ClInclude Include="VisualInfo.h">
      <Filter>Header Files</Filter>
    </ClInclude>
    <ClInclude Include="Settings.h">
      <Filter>Header Files</Filter>
    </ClInclude>
    <ClInclude Include="FileSearch.h">
      <Filter>Header Files</Filter>
    </ClInclude>
    <ClInclude Include="GUIVisualController.h">
      <Filter>Header Files</Filter>
    </ClInclude>
    <ClInclude Include="GUIManager.h">
      <Filter>Header Files</Filter>
    </ClInclude>
    <ClInclude Include="MapParser.h">
      <Filter>Header Files</Filter>
    </ClInclude>
    <ClInclude Include="CollisionParser.h">
      <Filter>Header Files</Filter>
    </ClInclude>
    <ClInclude Include="GUIParser.h">
      <Filter>Header Files</Filter>
    </ClInclude>
    <ClInclude Include="GameConstants.h">
      <Filter>Header Files</Filter>
    </ClInclude>
    <ClInclude Include="UnitInfo.h">
      <Filter>Header Files</Filter>
    </ClInclude>
    <ClInclude Include="AStarAlgorithm.h">
      <Filter>Header Files</Filter>
    </ClInclude>
    <ClInclude Include="StructureSetGeneration.h">
      <Filter>Header Files</Filter>
    </ClInclude>
  </ItemGroup>
  <ItemGroup>
    <None Include="packages.config" />
    <None Include="redactor_resources\object_templates.map">
      <Filter>Resource Files</Filter>
    </None>
    <None Include="unit_info\hero.unit">
      <Filter>Resource Files\objects\hero</Filter>
    </None>
    <None Include="unit_info\stone.unit">
      <Filter>Resource Files\objects\stone</Filter>
    </None>
    <None Include="unit_info\null.unit">
      <Filter>Resource Files\objects\null</Filter>
    </None>
    <None Include="unit_info\asteroid.unit">
      <Filter>Resource Files\objects\asteroid</Filter>
    </None>
    <None Include="collision\unit.col">
      <Filter>Resource Files\objects\hero</Filter>
    </None>
    <None Include="collision\null.col">
      <Filter>Resource Files\objects\null</Filter>
    </None>
    <None Include="collision\stone.col">
      <Filter>Resource Files\objects\stone</Filter>
    </None>
    <None Include="config.cfg">
      <Filter>Resource Files</Filter>
    </None>
    <None Include="collision\asteroid.col">
      <Filter>Resource Files\objects\asteroid</Filter>
    </None>
    <None Include="collision\turret.col">
      <Filter>Resource Files\objects\turret</Filter>
    </None>
    <None Include="unit_info\turret.unit">
      <Filter>Resource Files\objects\turret</Filter>
    </None>
    <None Include="collision\dome.col">
      <Filter>Resource Files\objects\dome</Filter>
    </None>
    <None Include="unit_info\dome.unit">
      <Filter>Resource Files\objects\dome</Filter>
    </None>
  </ItemGroup>
  <ItemGroup>
    <ClCompile Include="Source.cpp">
      <Filter>Source Files</Filter>
    </ClCompile>
  </ItemGroup>
</Project>